
Microsoft Visual Studio Solution File, Format Version 12.00
# Visual Studio Version 16
VisualStudioVersion = 16.0.30717.126
MinimumVisualStudioVersion = 10.0.40219.1
Project("{9A19103F-16F7-4668-BE54-9A1E7A4F7556}") = "CoreFrameWork.Modularity", "CoreFrameWork.Modularity\CoreFrameWork.Modularity.csproj", "{B0E98F2E-0A3C-40E6-BAEB-E246A55BEC17}"
EndProject
Project("{9A19103F-16F7-4668-BE54-9A1E7A4F7556}") = "CoreFrameWork.Domain", "CoreFrameWork.Domain\CoreFrameWork.Domain.csproj", "{C0670FD1-CC6D-462C-8CFD-1D8C9251F0D9}"
EndProject
Project("{9A19103F-16F7-4668-BE54-9A1E7A4F7556}") = "CoreFrameWork.EntityFrameWorkCore", "CoreFrameWork.EntityFrameWorkCore\CoreFrameWork.EntityFrameWorkCore.csproj", "{3CD44535-A6F7-4CBF-8FAA-12CFAAB02BDC}"
EndProject
Project("{2150E333-8FDC-42A3-9474-1A3956D46DE8}") = "Test", "Test", "{2AC242BB-DB13-4A70-A6E6-F6665B65F3FE}"
EndProject
Project("{2150E333-8FDC-42A3-9474-1A3956D46DE8}") = "Src", "Src", "{66EBB4A5-CC4A-419F-A42E-E94B2143D8EF}"
EndProject
Project("{9A19103F-16F7-4668-BE54-9A1E7A4F7556}") = "TestModularityAndEFCore", "TestModularityAndEFCore\TestModularityAndEFCore.csproj", "{EF6E163B-BF36-4ACE-B245-2D4BAD2E2643}"
EndProject
Project("{9A19103F-16F7-4668-BE54-9A1E7A4F7556}") = "CoreFrameWork.EventBus", "CoreFrameWork.EventBus\CoreFrameWork.EventBus.csproj", "{080C669D-86B0-4C7B-902A-E434CE6CF76B}"
EndProject
Project("{9A19103F-16F7-4668-BE54-9A1E7A4F7556}") = "CoreFrameWork.Json", "CoreFrameWork.Json\CoreFrameWork.Json.csproj", "{493835B0-F340-4F69-9B7D-6B0317BD45CC}"
EndProject
Project("{9A19103F-16F7-4668-BE54-9A1E7A4F7556}") = "CoreFrameWork.EntityFrameworkCore.Sharding", "CoreFrameWork.EntityFrameworkCore.Sharding\CoreFrameWork.EntityFrameworkCore.Sharding.csproj", "{BFF03930-7F7D-4B43-BFA8-9738519284E6}"
EndProject
Project("{2150E333-8FDC-42A3-9474-1A3956D46DE8}") = "EventBus", "EventBus", "{3A564047-97F8-4D87-8382-35BD61156C57}"
EndProject
Project("{9A19103F-16F7-4668-BE54-9A1E7A4F7556}") = "CoreFrameWork.EventBus.SqlServer", "CoreFrameWork.EventBus.SqlServer\CoreFrameWork.EventBus.SqlServer.csproj", "{EBF9E6E7-9694-46F1-9F58-9C84EE2A3801}"
EndProject
Project("{9A19103F-16F7-4668-BE54-9A1E7A4F7556}") = "CoreFrameWork.Redis", "CoreFrameWork.Redis\CoreFrameWork.Redis.csproj", "{92E1FC7E-6C01-4AA4-9084-3D9679438D2A}"
EndProject
Project("{9A19103F-16F7-4668-BE54-9A1E7A4F7556}") = "CoreFrameWork.RabbitMQ", "CoreFrameWork.RabbitMQ\CoreFrameWork.RabbitMQ.csproj", "{77D577C6-54EB-4F17-A8B9-C07A52D7F6BD}"
EndProject
Project("{9A19103F-16F7-4668-BE54-9A1E7A4F7556}") = "CoreFrameWork.EventBus.RabbitMQ", "CoreFrameWork.EventBus.RabbitMQ\CoreFrameWork.EventBus.RabbitMQ.csproj", "{BF0F2FA5-879C-4840-AE80-946DAF5BC604}"
EndProject
Project("{9A19103F-16F7-4668-BE54-9A1E7A4F7556}") = "CoreFrameWork.ElasticSearch", "CoreFrameWork.ElasticSearch\CoreFrameWork.ElasticSearch.csproj", "{816000ED-17D2-4BAE-BACF-CDBFB875DCE1}"
EndProject
Project("{9A19103F-16F7-4668-BE54-9A1E7A4F7556}") = "CoreFrameWork.Infrastructure", "CoreFrameWork.Infrastructure\CoreFrameWork.Infrastructure.csproj", "{CB46F042-4541-41F4-9EE0-564F471F9772}"
EndProject
Project("{9A19103F-16F7-4668-BE54-9A1E7A4F7556}") = "CoreFrameWork.Framework", "CoreFrameWork.Framework\CoreFrameWork.Framework.csproj", "{3C93BFEC-1B0A-475E-939B-E191F633C2F2}"
EndProject
Project("{9A19103F-16F7-4668-BE54-9A1E7A4F7556}") = "CoreFrameWork.EventBus.Mysql", "CoreFrameWork.EventBus.Mysql\CoreFrameWork.EventBus.Mysql.csproj", "{B3AB3C3A-273E-4FD4-987F-3808A4279EB8}"
EndProject
Project("{9A19103F-16F7-4668-BE54-9A1E7A4F7556}") = "CoreFrameWork.EventBus.PostgreSql", "CoreFrameWork.EventBus.PostgreSql\CoreFrameWork.EventBus.PostgreSql.csproj", "{08FC2703-5624-4B64-A0CE-1C7A4DAC80DF}"
EndProject
Project("{FAE04EC0-301F-11D3-BF4B-00C04F79EFBC}") = "PublishApi", "PublishApi\PublishApi.csproj", "{247221CC-1079-4185-A4CE-AD780FB0476A}"
EndProject
Project("{FAE04EC0-301F-11D3-BF4B-00C04F79EFBC}") = "SubscriptionApi", "SubscriptionApi\SubscriptionApi.csproj", "{6E6022F6-6B69-4182-B796-C4E6E8366356}"
EndProject
Project("{2150E333-8FDC-42A3-9474-1A3956D46DE8}") = "Docs", "Docs", "{F04DE64A-3E36-4515-A163-5B2C665BB1BD}"
	ProjectSection(SolutionItems) = preProject
		DescriptionDos.md = DescriptionDos.md
		wendang.md = wendang.md
	EndProjectSection
EndProject
Global
	GlobalSection(SolutionConfigurationPlatforms) = preSolution
		Debug|Any CPU = Debug|Any CPU
		Release|Any CPU = Release|Any CPU
	EndGlobalSection
	GlobalSection(ProjectConfigurationPlatforms) = postSolution
		{B0E98F2E-0A3C-40E6-BAEB-E246A55BEC17}.Debug|Any CPU.ActiveCfg = Debug|Any CPU
		{B0E98F2E-0A3C-40E6-BAEB-E246A55BEC17}.Debug|Any CPU.Build.0 = Debug|Any CPU
		{B0E98F2E-0A3C-40E6-BAEB-E246A55BEC17}.Release|Any CPU.ActiveCfg = Release|Any CPU
		{B0E98F2E-0A3C-40E6-BAEB-E246A55BEC17}.Release|Any CPU.Build.0 = Release|Any CPU
		{C0670FD1-CC6D-462C-8CFD-1D8C9251F0D9}.Debug|Any CPU.ActiveCfg = Debug|Any CPU
		{C0670FD1-CC6D-462C-8CFD-1D8C9251F0D9}.Debug|Any CPU.Build.0 = Debug|Any CPU
		{C0670FD1-CC6D-462C-8CFD-1D8C9251F0D9}.Release|Any CPU.ActiveCfg = Release|Any CPU
		{C0670FD1-CC6D-462C-8CFD-1D8C9251F0D9}.Release|Any CPU.Build.0 = Release|Any CPU
		{3CD44535-A6F7-4CBF-8FAA-12CFAAB02BDC}.Debug|Any CPU.ActiveCfg = Debug|Any CPU
		{3CD44535-A6F7-4CBF-8FAA-12CFAAB02BDC}.Debug|Any CPU.Build.0 = Debug|Any CPU
		{3CD44535-A6F7-4CBF-8FAA-12CFAAB02BDC}.Release|Any CPU.ActiveCfg = Release|Any CPU
		{3CD44535-A6F7-4CBF-8FAA-12CFAAB02BDC}.Release|Any CPU.Build.0 = Release|Any CPU
		{EF6E163B-BF36-4ACE-B245-2D4BAD2E2643}.Debug|Any CPU.ActiveCfg = Debug|Any CPU
		{EF6E163B-BF36-4ACE-B245-2D4BAD2E2643}.Debug|Any CPU.Build.0 = Debug|Any CPU
		{EF6E163B-BF36-4ACE-B245-2D4BAD2E2643}.Release|Any CPU.ActiveCfg = Release|Any CPU
		{EF6E163B-BF36-4ACE-B245-2D4BAD2E2643}.Release|Any CPU.Build.0 = Release|Any CPU
		{080C669D-86B0-4C7B-902A-E434CE6CF76B}.Debug|Any CPU.ActiveCfg = Debug|Any CPU
		{080C669D-86B0-4C7B-902A-E434CE6CF76B}.Debug|Any CPU.Build.0 = Debug|Any CPU
		{080C669D-86B0-4C7B-902A-E434CE6CF76B}.Release|Any CPU.ActiveCfg = Release|Any CPU
		{080C669D-86B0-4C7B-902A-E434CE6CF76B}.Release|Any CPU.Build.0 = Release|Any CPU
		{493835B0-F340-4F69-9B7D-6B0317BD45CC}.Debug|Any CPU.ActiveCfg = Debug|Any CPU
		{493835B0-F340-4F69-9B7D-6B0317BD45CC}.Debug|Any CPU.Build.0 = Debug|Any CPU
		{493835B0-F340-4F69-9B7D-6B0317BD45CC}.Release|Any CPU.ActiveCfg = Release|Any CPU
		{493835B0-F340-4F69-9B7D-6B0317BD45CC}.Release|Any CPU.Build.0 = Release|Any CPU
		{BFF03930-7F7D-4B43-BFA8-9738519284E6}.Debug|Any CPU.ActiveCfg = Debug|Any CPU
		{BFF03930-7F7D-4B43-BFA8-9738519284E6}.Debug|Any CPU.Build.0 = Debug|Any CPU
		{BFF03930-7F7D-4B43-BFA8-9738519284E6}.Release|Any CPU.ActiveCfg = Release|Any CPU
		{BFF03930-7F7D-4B43-BFA8-9738519284E6}.Release|Any CPU.Build.0 = Release|Any CPU
		{EBF9E6E7-9694-46F1-9F58-9C84EE2A3801}.Debug|Any CPU.ActiveCfg = Debug|Any CPU
		{EBF9E6E7-9694-46F1-9F58-9C84EE2A3801}.Debug|Any CPU.Build.0 = Debug|Any CPU
		{EBF9E6E7-9694-46F1-9F58-9C84EE2A3801}.Release|Any CPU.ActiveCfg = Release|Any CPU
		{EBF9E6E7-9694-46F1-9F58-9C84EE2A3801}.Release|Any CPU.Build.0 = Release|Any CPU
		{92E1FC7E-6C01-4AA4-9084-3D9679438D2A}.Debug|Any CPU.ActiveCfg = Debug|Any CPU
		{92E1FC7E-6C01-4AA4-9084-3D9679438D2A}.Debug|Any CPU.Build.0 = Debug|Any CPU
		{92E1FC7E-6C01-4AA4-9084-3D9679438D2A}.Release|Any CPU.ActiveCfg = Release|Any CPU
		{92E1FC7E-6C01-4AA4-9084-3D9679438D2A}.Release|Any CPU.Build.0 = Release|Any CPU
		{77D577C6-54EB-4F17-A8B9-C07A52D7F6BD}.Debug|Any CPU.ActiveCfg = Debug|Any CPU
		{77D577C6-54EB-4F17-A8B9-C07A52D7F6BD}.Debug|Any CPU.Build.0 = Debug|Any CPU
		{77D577C6-54EB-4F17-A8B9-C07A52D7F6BD}.Release|Any CPU.ActiveCfg = Release|Any CPU
		{77D577C6-54EB-4F17-A8B9-C07A52D7F6BD}.Release|Any CPU.Build.0 = Release|Any CPU
		{BF0F2FA5-879C-4840-AE80-946DAF5BC604}.Debug|Any CPU.ActiveCfg = Debug|Any CPU
		{BF0F2FA5-879C-4840-AE80-946DAF5BC604}.Debug|Any CPU.Build.0 = Debug|Any CPU
		{BF0F2FA5-879C-4840-AE80-946DAF5BC604}.Release|Any CPU.ActiveCfg = Release|Any CPU
		{BF0F2FA5-879C-4840-AE80-946DAF5BC604}.Release|Any CPU.Build.0 = Release|Any CPU
		{816000ED-17D2-4BAE-BACF-CDBFB875DCE1}.Debug|Any CPU.ActiveCfg = Debug|Any CPU
		{816000ED-17D2-4BAE-BACF-CDBFB875DCE1}.Debug|Any CPU.Build.0 = Debug|Any CPU
		{816000ED-17D2-4BAE-BACF-CDBFB875DCE1}.Release|Any CPU.ActiveCfg = Release|Any CPU
		{816000ED-17D2-4BAE-BACF-CDBFB875DCE1}.Release|Any CPU.Build.0 = Release|Any CPU
		{CB46F042-4541-41F4-9EE0-564F471F9772}.Debug|Any CPU.ActiveCfg = Debug|Any CPU
		{CB46F042-4541-41F4-9EE0-564F471F9772}.Debug|Any CPU.Build.0 = Debug|Any CPU
		{CB46F042-4541-41F4-9EE0-564F471F9772}.Release|Any CPU.ActiveCfg = Release|Any CPU
		{CB46F042-4541-41F4-9EE0-564F471F9772}.Release|Any CPU.Build.0 = Release|Any CPU
		{3C93BFEC-1B0A-475E-939B-E191F633C2F2}.Debug|Any CPU.ActiveCfg = Debug|Any CPU
		{3C93BFEC-1B0A-475E-939B-E191F633C2F2}.Debug|Any CPU.Build.0 = Debug|Any CPU
		{3C93BFEC-1B0A-475E-939B-E191F633C2F2}.Release|Any CPU.ActiveCfg = Release|Any CPU
		{3C93BFEC-1B0A-475E-939B-E191F633C2F2}.Release|Any CPU.Build.0 = Release|Any CPU
		{B3AB3C3A-273E-4FD4-987F-3808A4279EB8}.Debug|Any CPU.ActiveCfg = Debug|Any CPU
		{B3AB3C3A-273E-4FD4-987F-3808A4279EB8}.Debug|Any CPU.Build.0 = Debug|Any CPU
		{B3AB3C3A-273E-4FD4-987F-3808A4279EB8}.Release|Any CPU.ActiveCfg = Release|Any CPU
		{B3AB3C3A-273E-4FD4-987F-3808A4279EB8}.Release|Any CPU.Build.0 = Release|Any CPU
		{08FC2703-5624-4B64-A0CE-1C7A4DAC80DF}.Debug|Any CPU.ActiveCfg = Debug|Any CPU
		{08FC2703-5624-4B64-A0CE-1C7A4DAC80DF}.Debug|Any CPU.Build.0 = Debug|Any CPU
		{08FC2703-5624-4B64-A0CE-1C7A4DAC80DF}.Release|Any CPU.ActiveCfg = Release|Any CPU
		{08FC2703-5624-4B64-A0CE-1C7A4DAC80DF}.Release|Any CPU.Build.0 = Release|Any CPU
		{247221CC-1079-4185-A4CE-AD780FB0476A}.Debug|Any CPU.ActiveCfg = Debug|Any CPU
		{247221CC-1079-4185-A4CE-AD780FB0476A}.Debug|Any CPU.Build.0 = Debug|Any CPU
		{247221CC-1079-4185-A4CE-AD780FB0476A}.Release|Any CPU.ActiveCfg = Release|Any CPU
		{247221CC-1079-4185-A4CE-AD780FB0476A}.Release|Any CPU.Build.0 = Release|Any CPU
		{6E6022F6-6B69-4182-B796-C4E6E8366356}.Debug|Any CPU.ActiveCfg = Debug|Any CPU
		{6E6022F6-6B69-4182-B796-C4E6E8366356}.Debug|Any CPU.Build.0 = Debug|Any CPU
		{6E6022F6-6B69-4182-B796-C4E6E8366356}.Release|Any CPU.ActiveCfg = Release|Any CPU
		{6E6022F6-6B69-4182-B796-C4E6E8366356}.Release|Any CPU.Build.0 = Release|Any CPU
	EndGlobalSection
	GlobalSection(SolutionProperties) = preSolution
		HideSolutionNode = FALSE
	EndGlobalSection
	GlobalSection(NestedProjects) = preSolution
		{B0E98F2E-0A3C-40E6-BAEB-E246A55BEC17} = {66EBB4A5-CC4A-419F-A42E-E94B2143D8EF}
		{C0670FD1-CC6D-462C-8CFD-1D8C9251F0D9} = {66EBB4A5-CC4A-419F-A42E-E94B2143D8EF}
		{3CD44535-A6F7-4CBF-8FAA-12CFAAB02BDC} = {66EBB4A5-CC4A-419F-A42E-E94B2143D8EF}
		{EF6E163B-BF36-4ACE-B245-2D4BAD2E2643} = {2AC242BB-DB13-4A70-A6E6-F6665B65F3FE}
		{080C669D-86B0-4C7B-902A-E434CE6CF76B} = {66EBB4A5-CC4A-419F-A42E-E94B2143D8EF}
		{493835B0-F340-4F69-9B7D-6B0317BD45CC} = {66EBB4A5-CC4A-419F-A42E-E94B2143D8EF}
		{BFF03930-7F7D-4B43-BFA8-9738519284E6} = {66EBB4A5-CC4A-419F-A42E-E94B2143D8EF}
		{3A564047-97F8-4D87-8382-35BD61156C57} = {2AC242BB-DB13-4A70-A6E6-F6665B65F3FE}
		{EBF9E6E7-9694-46F1-9F58-9C84EE2A3801} = {66EBB4A5-CC4A-419F-A42E-E94B2143D8EF}
		{92E1FC7E-6C01-4AA4-9084-3D9679438D2A} = {66EBB4A5-CC4A-419F-A42E-E94B2143D8EF}
		{77D577C6-54EB-4F17-A8B9-C07A52D7F6BD} = {66EBB4A5-CC4A-419F-A42E-E94B2143D8EF}
		{BF0F2FA5-879C-4840-AE80-946DAF5BC604} = {66EBB4A5-CC4A-419F-A42E-E94B2143D8EF}
		{816000ED-17D2-4BAE-BACF-CDBFB875DCE1} = {66EBB4A5-CC4A-419F-A42E-E94B2143D8EF}
		{CB46F042-4541-41F4-9EE0-564F471F9772} = {66EBB4A5-CC4A-419F-A42E-E94B2143D8EF}
		{3C93BFEC-1B0A-475E-939B-E191F633C2F2} = {66EBB4A5-CC4A-419F-A42E-E94B2143D8EF}
		{B3AB3C3A-273E-4FD4-987F-3808A4279EB8} = {66EBB4A5-CC4A-419F-A42E-E94B2143D8EF}
		{08FC2703-5624-4B64-A0CE-1C7A4DAC80DF} = {66EBB4A5-CC4A-419F-A42E-E94B2143D8EF}
		{247221CC-1079-4185-A4CE-AD780FB0476A} = {3A564047-97F8-4D87-8382-35BD61156C57}
		{6E6022F6-6B69-4182-B796-C4E6E8366356} = {3A564047-97F8-4D87-8382-35BD61156C57}
	EndGlobalSection
	GlobalSection(ExtensibilityGlobals) = postSolution
		SolutionGuid = {47BF89A7-C837-49BF-95D9-50D12805FE88}
	EndGlobalSection
EndGlobal
